
Microsoft Visual Studio Solution File, Format Version 12.00
Project("{FAE04EC0-301F-11D3-BF4B-00C04F79EFBC}") = "hd_01", "hd_01\hd_01.csproj", "{0534E956-F4DB-438F-A84C-906C7B11B938}"
EndProject
Global
	GlobalSection(SolutionConfigurationPlatforms) = preSolution
		Debug|Any CPU = Debug|Any CPU
		Release|Any CPU = Release|Any CPU
	EndGlobalSection
	GlobalSection(ProjectConfigurationPlatforms) = postSolution
		{0534E956-F4DB-438F-A84C-906C7B11B938}.Debug|Any CPU.ActiveCfg = Debug|Any CPU
		{0534E956-F4DB-438F-A84C-906C7B11B938}.Debug|Any CPU.Build.0 = Debug|Any CPU
		{0534E956-F4DB-438F-A84C-906C7B11B938}.Release|Any CPU.ActiveCfg = Release|Any CPU
		{0534E956-F4DB-438F-A84C-906C7B11B938}.Release|Any CPU.Build.0 = Release|Any CPU
	EndGlobalSection
EndGlobal
