
Microsoft Visual Studio Solution File, Format Version 11.00
# Visual Studio 2010
Project("{FAE04EC0-301F-11D3-BF4B-00C04F79EFBC}") = "Assembly-CSharp", "Assembly-CSharp.csproj", "{DD61E984-9E5F-77A2-C67E-999E07448495}"
EndProject
Project("{FAE04EC0-301F-11D3-BF4B-00C04F79EFBC}") = "Assembly-CSharp-Editor", "Assembly-CSharp-Editor.csproj", "{D6CBAE03-CB88-A103-8811-C6ACF7CF7353}"
EndProject
Global
	GlobalSection(SolutionConfigurationPlatforms) = preSolution
		Debug|Any CPU = Debug|Any CPU
		Release|Any CPU = Release|Any CPU
	EndGlobalSection
	GlobalSection(ProjectConfigurationPlatforms) = postSolution
		{DD61E984-9E5F-77A2-C67E-999E07448495}.Debug|Any CPU.ActiveCfg = Debug|Any CPU
		{DD61E984-9E5F-77A2-C67E-999E07448495}.Debug|Any CPU.Build.0 = Debug|Any CPU
		{DD61E984-9E5F-77A2-C67E-999E07448495}.Release|Any CPU.ActiveCfg = Release|Any CPU
		{DD61E984-9E5F-77A2-C67E-999E07448495}.Release|Any CPU.Build.0 = Release|Any CPU
		{D6CBAE03-CB88-A103-8811-C6ACF7CF7353}.Debug|Any CPU.ActiveCfg = Debug|Any CPU
		{D6CBAE03-CB88-A103-8811-C6ACF7CF7353}.Debug|Any CPU.Build.0 = Debug|Any CPU
		{D6CBAE03-CB88-A103-8811-C6ACF7CF7353}.Release|Any CPU.ActiveCfg = Release|Any CPU
		{D6CBAE03-CB88-A103-8811-C6ACF7CF7353}.Release|Any CPU.Build.0 = Release|Any CPU
	EndGlobalSection
	GlobalSection(SolutionProperties) = preSolution
		HideSolutionNode = FALSE
	EndGlobalSection
EndGlobal
